{
    "_readme": [
        "This file locks the dependencies of your project to a known state",
        "Read more about it at http://getcomposer.org/doc/01-basic-usage.md#composer-lock-the-lock-file",
        "This file is @generated automatically"
    ],
    "hash": "f3b6e95408f0625b543269389a3c5df2",
    "packages": [
        {
            "name": "easypost/easypost-php",
            "version": "dev-master",
            "source": {
                "type": "git",
                "url": "https://github.com/EasyPost/easypost-php.git",
                "reference": "fb3a8f81fb95ed9f4c6f1d5686b598e974abb380"
            },
            "dist": {
                "type": "zip",
                "url": "https://api.github.com/repos/EasyPost/easypost-php/zipball/fb3a8f81fb95ed9f4c6f1d5686b598e974abb380",
                "reference": "fb3a8f81fb95ed9f4c6f1d5686b598e974abb380",
                "shasum": ""
            },
            "require": {
                "ext-curl": "*",
                "ext-json": "*",
                "php": ">=5.3.0"
            },
            "require-dev": {
                "phpunit/phpunit": "3.7.*"
            },
            "type": "library",
            "autoload": {
                "psr-0": {
                    "EasyPost": "lib/"
                }
            },
            "notification-url": "https://packagist.org/downloads/",
            "license": [
                "MIT"
            ],
            "authors": [
                {
                    "name": "Sawyer Bateman"
                }
            ],
            "description": "EasyPost Shipping API Client Library for PHP",
            "homepage": "https://github.com/EasyPost/easypost-php",
            "keywords": [
                "api",
                "easypost",
                "shipping"
            ],
            "time": "2014-07-07 20:56:41"
        },
        {
            "name": "paypal/rest-api-sdk-php",
            "version": "v0.13.2",
            "source": {
                "type": "git",
                "url": "https://github.com/paypal/PayPal-PHP-SDK.git",
                "reference": "6fb6508f9cbacf5c4d579536291bbc98dd710a59"
            },
            "dist": {
                "type": "zip",
                "url": "https://api.github.com/repos/paypal/PayPal-PHP-SDK/zipball/6fb6508f9cbacf5c4d579536291bbc98dd710a59",
                "reference": "6fb6508f9cbacf5c4d579536291bbc98dd710a59",
                "shasum": ""
            },
            "require": {
                "ext-curl": "*",
                "ext-json": "*",
                "php": ">=5.3.0"
            },
            "require-dev": {
                "phpunit/phpunit": "3.7.*"
            },
            "type": "library",
            "autoload": {
                "psr-0": {
                    "PayPal": "lib/"
                }
            },
            "notification-url": "https://packagist.org/downloads/",
            "license": [
                "Apache2"
            ],
            "authors": [
                {
                    "name": "PayPal",
                    "homepage": "https://github.com/paypal/rest-api-sdk-php/contributors"
                }
            ],
            "description": "PayPal's PHP SDK for REST APIs",
            "homepage": "https://github.com/paypal/rest-api-sdk-php",
            "keywords": [
                "payments",
                "paypal",
                "rest",
                "sdk"
            ],
            "time": "2014-10-20 20:54:09"
        },
        {
            "name": "stripe/stripe-php",
            "version": "v1.17.2",
            "source": {
                "type": "git",
                "url": "https://github.com/stripe/stripe-php.git",
                "reference": "548ed675dc3b1dd6fa4d20b40867cb756e952d2a"
            },
            "dist": {
                "type": "zip",
                "url": "https://api.github.com/repos/stripe/stripe-php/zipball/548ed675dc3b1dd6fa4d20b40867cb756e952d2a",
                "reference": "548ed675dc3b1dd6fa4d20b40867cb756e952d2a",
                "shasum": ""
            },
            "require": {
                "ext-curl": "*",
                "ext-json": "*",
                "ext-mbstring": "*",
                "php": ">=5.2"
            },
            "require-dev": {
                "simpletest/simpletest": "*"
            },
            "type": "library",
            "autoload": {
                "classmap": [
                    "lib/Stripe/"
                ]
            },
            "notification-url": "https://packagist.org/downloads/",
            "license": [
                "MIT"
            ],
            "authors": [
                {
                    "name": "Stripe and contributors",
                    "homepage": "https://github.com/stripe/stripe-php/contributors"
                }
            ],
            "description": "Stripe PHP Library",
            "homepage": "https://stripe.com/",
            "keywords": [
                "api",
                "payment processing",
                "stripe"
            ],
            "time": "2014-09-23 22:42:10"
        }
    ],
    "packages-dev": [],
    "aliases": [],
    "minimum-stability": "stable",
    "stability-flags": {
        "easypost/easypost-php": 20
    },
    "prefer-stable": false,
    "platform": [],
    "platform-dev": []
}
